# This file is autogenerated, do not edit; changes may be undone by the next 'dep ensure'.


[[projects]]
  name = "github.com/aws/aws-lambda-go"
  packages = ["events","lambda","lambda/handlertrace","lambda/messages","lambdacontext"]
  revision = "1cb90e0cf5114f9d11568e3aa2322a4f4675447b"
  version = "v1.27.0"

[[projects]]
  name = "github.com/aws/aws-sdk-go"
  packages = ["aws","aws/awserr","aws/awsutil","aws/client","aws/client/metadata","aws/corehandlers","aws/credentials","aws/credentials/ec2rolecreds","aws/credentials/endpointcreds","aws/credentials/processcreds","aws/credentials/ssocreds","aws/credentials/stscreds","aws/crr","aws/csm","aws/defaults","aws/ec2metadata","aws/endpoints","aws/request","aws/session","aws/signer/v4","internal/context","internal/ini","internal/sdkio","internal/sdkmath","internal/sdkrand","internal/sdkuri","internal/shareddefaults","internal/strings","internal/sync/singleflight","private/protocol","private/protocol/json/jsonutil","private/protocol/jsonrpc","private/protocol/query","private/protocol/query/queryutil","private/protocol/rest","private/protocol/restjson","private/protocol/xml/xmlutil","service/cognitoidentity","service/cognitoidentityprovider","service/cognitoidentityprovider/cognitoidentityprovideriface","service/dynamodb","service/dynamodb/dynamodbattribute","service/kms","service/sso","service/sso/ssoiface","service/sts","service/sts/stsiface"]
  revision = "136908423548340fc3b7dbce972ba14b79942ffa"
  version = "v1.42.4"

[[projects]]
  name = "github.com/dgrijalva/jwt-go"
  packages = ["."]
  revision = "06ea1031745cb8b3dab3f6a236daf2b0aa468b7e"
  version = "v3.2.0"

[[projects]]
  name = "github.com/fnproject/fdk-go"
  packages = ["."]
  revision = "dd174400f9a7a6f893f59b70148442b38c477f6a"
  version = "v0.0.13"

[[projects]]
  name = "github.com/jmespath/go-jmespath"
  packages = ["."]
  revision = "c2b33e84"

[[projects]]
  name = "github.com/joho/godotenv"
  packages = ["."]
  revision = "ddf83eb33bbb136f62617a409142b74b91dbcff3"
  version = "v1.4.0"

[[projects]]
  branch = "master"
  name = "github.com/tencentyun/scf-go-lib"
  packages = ["cloudfunction","cloudfunction/messages","functioncontext"]
  revision = "ba679e2ec9c958562028e5b355406a05edef1699"

[solve-meta]
  analyzer-name = "dep"
  analyzer-version = 1
  inputs-digest = "e5d1fffad71d05996388b84d734616701e5401d21ee146e29ef46e29f0c95cae"
  solver-name = "gps-cdcl"
  solver-version = 1
